
Microsoft Visual Studio Solution File, Format Version 12.00
# Visual Studio Version 16
VisualStudioVersion = 16.0.808.3
MinimumVisualStudioVersion = 10.0.40219.1
Project("{FAE04EC0-301F-11D3-BF4B-00C04F79EFBC}") = "AgrarianUa", "AgrarianUa\AgrarianUa.csproj", "{5E96F469-65BB-4D76-AF85-07DFD5D593D4}"
EndProject
Project("{FAE04EC0-301F-11D3-BF4B-00C04F79EFBC}") = "Core", "Core\Core.csproj", "{1EFF7845-3DB5-49BE-AB3E-C6D8149A9E47}"
EndProject
Global
	GlobalSection(SolutionConfigurationPlatforms) = preSolution
		Debug|Any CPU = Debug|Any CPU
		Release|Any CPU = Release|Any CPU
	EndGlobalSection
	GlobalSection(ProjectConfigurationPlatforms) = postSolution
		{5E96F469-65BB-4D76-AF85-07DFD5D593D4}.Debug|Any CPU.ActiveCfg = Debug|Any CPU
		{5E96F469-65BB-4D76-AF85-07DFD5D593D4}.Debug|Any CPU.Build.0 = Debug|Any CPU
		{5E96F469-65BB-4D76-AF85-07DFD5D593D4}.Release|Any CPU.ActiveCfg = Release|Any CPU
		{5E96F469-65BB-4D76-AF85-07DFD5D593D4}.Release|Any CPU.Build.0 = Release|Any CPU
		{1EFF7845-3DB5-49BE-AB3E-C6D8149A9E47}.Debug|Any CPU.ActiveCfg = Debug|Any CPU
		{1EFF7845-3DB5-49BE-AB3E-C6D8149A9E47}.Debug|Any CPU.Build.0 = Debug|Any CPU
		{1EFF7845-3DB5-49BE-AB3E-C6D8149A9E47}.Release|Any CPU.ActiveCfg = Release|Any CPU
		{1EFF7845-3DB5-49BE-AB3E-C6D8149A9E47}.Release|Any CPU.Build.0 = Release|Any CPU
	EndGlobalSection
	GlobalSection(SolutionProperties) = preSolution
		HideSolutionNode = FALSE
	EndGlobalSection
	GlobalSection(ExtensibilityGlobals) = postSolution
		SolutionGuid = {5326E637-B2D7-48B1-9E3D-F04C865704F1}
	EndGlobalSection
EndGlobal
